
Microsoft Visual Studio Solution File, Format Version 12.00
# Visual Studio Version 17
VisualStudioVersion = 17.0.31903.59
MinimumVisualStudioVersion = 10.0.40219.1
Project("{9A19103F-16F7-4668-BE54-9A1E7A4F7556}") = "SakilaConsole", "SakilaConsole\SakilaConsole.csproj", "{21ACD0C8-9BF4-4B5D-BCE8-52708CB3D289}"
EndProject
Project("{9A19103F-16F7-4668-BE54-9A1E7A4F7556}") = "LazyLoading", "LazyLoading\LazyLoading.csproj", "{6DA305B1-B0FA-4BC9-B6B0-6925CE468364}"
EndProject
Project("{9A19103F-16F7-4668-BE54-9A1E7A4F7556}") = "TableSplitting", "TableSplitting\TableSplitting.csproj", "{DFCA00CE-5A61-4064-8509-63A5E698BC6E}"
EndProject
Project("{9A19103F-16F7-4668-BE54-9A1E7A4F7556}") = "InheritanceTPH", "InheritanceTPH\InheritanceTPH.csproj", "{795947C2-9EAE-4FB4-92E4-0503AB65A847}"
EndProject
Project("{9A19103F-16F7-4668-BE54-9A1E7A4F7556}") = "TrackingChanges", "TrackingChanges\TrackingChanges.csproj", "{61589D94-0BB2-47F0-BA2B-B553BA487FF2}"
EndProject
Project("{9A19103F-16F7-4668-BE54-9A1E7A4F7556}") = "Sakila.Api", "Sakila.Api\Sakila.Api.csproj", "{350974EC-44AF-470E-BE06-719E55D2D880}"
EndProject
Project("{9A19103F-16F7-4668-BE54-9A1E7A4F7556}") = "Sakila.Domain", "Sakila.Domain\Sakila.Domain.csproj", "{6E53496C-AA15-41D1-A99A-14B42C38AB09}"
EndProject
Project("{9A19103F-16F7-4668-BE54-9A1E7A4F7556}") = "Sakila.Infrastructure", "Sakila.Infrastructure\Sakila.Infrastructure.csproj", "{CFF8A4CB-3F01-43EF-9217-E4B649125FB5}"
EndProject
Project("{FAE04EC0-301F-11D3-BF4B-00C04F79EFBC}") = "RawSQL", "RawSQL\RawSQL.csproj", "{123F0360-6571-4FE4-BF98-BB8BD09791B6}"
EndProject
Global
	GlobalSection(SolutionConfigurationPlatforms) = preSolution
		Debug|Any CPU = Debug|Any CPU
		Release|Any CPU = Release|Any CPU
	EndGlobalSection
	GlobalSection(ProjectConfigurationPlatforms) = postSolution
		{21ACD0C8-9BF4-4B5D-BCE8-52708CB3D289}.Debug|Any CPU.ActiveCfg = Debug|Any CPU
		{21ACD0C8-9BF4-4B5D-BCE8-52708CB3D289}.Debug|Any CPU.Build.0 = Debug|Any CPU
		{21ACD0C8-9BF4-4B5D-BCE8-52708CB3D289}.Release|Any CPU.ActiveCfg = Release|Any CPU
		{21ACD0C8-9BF4-4B5D-BCE8-52708CB3D289}.Release|Any CPU.Build.0 = Release|Any CPU
		{6DA305B1-B0FA-4BC9-B6B0-6925CE468364}.Debug|Any CPU.ActiveCfg = Debug|Any CPU
		{6DA305B1-B0FA-4BC9-B6B0-6925CE468364}.Debug|Any CPU.Build.0 = Debug|Any CPU
		{6DA305B1-B0FA-4BC9-B6B0-6925CE468364}.Release|Any CPU.ActiveCfg = Release|Any CPU
		{6DA305B1-B0FA-4BC9-B6B0-6925CE468364}.Release|Any CPU.Build.0 = Release|Any CPU
		{DFCA00CE-5A61-4064-8509-63A5E698BC6E}.Debug|Any CPU.ActiveCfg = Debug|Any CPU
		{DFCA00CE-5A61-4064-8509-63A5E698BC6E}.Debug|Any CPU.Build.0 = Debug|Any CPU
		{DFCA00CE-5A61-4064-8509-63A5E698BC6E}.Release|Any CPU.ActiveCfg = Release|Any CPU
		{DFCA00CE-5A61-4064-8509-63A5E698BC6E}.Release|Any CPU.Build.0 = Release|Any CPU
		{795947C2-9EAE-4FB4-92E4-0503AB65A847}.Debug|Any CPU.ActiveCfg = Debug|Any CPU
		{795947C2-9EAE-4FB4-92E4-0503AB65A847}.Debug|Any CPU.Build.0 = Debug|Any CPU
		{795947C2-9EAE-4FB4-92E4-0503AB65A847}.Release|Any CPU.ActiveCfg = Release|Any CPU
		{795947C2-9EAE-4FB4-92E4-0503AB65A847}.Release|Any CPU.Build.0 = Release|Any CPU
		{61589D94-0BB2-47F0-BA2B-B553BA487FF2}.Debug|Any CPU.ActiveCfg = Debug|Any CPU
		{61589D94-0BB2-47F0-BA2B-B553BA487FF2}.Debug|Any CPU.Build.0 = Debug|Any CPU
		{61589D94-0BB2-47F0-BA2B-B553BA487FF2}.Release|Any CPU.ActiveCfg = Release|Any CPU
		{61589D94-0BB2-47F0-BA2B-B553BA487FF2}.Release|Any CPU.Build.0 = Release|Any CPU
		{350974EC-44AF-470E-BE06-719E55D2D880}.Debug|Any CPU.ActiveCfg = Debug|Any CPU
		{350974EC-44AF-470E-BE06-719E55D2D880}.Debug|Any CPU.Build.0 = Debug|Any CPU
		{350974EC-44AF-470E-BE06-719E55D2D880}.Release|Any CPU.ActiveCfg = Release|Any CPU
		{350974EC-44AF-470E-BE06-719E55D2D880}.Release|Any CPU.Build.0 = Release|Any CPU
		{6E53496C-AA15-41D1-A99A-14B42C38AB09}.Debug|Any CPU.ActiveCfg = Debug|Any CPU
		{6E53496C-AA15-41D1-A99A-14B42C38AB09}.Debug|Any CPU.Build.0 = Debug|Any CPU
		{6E53496C-AA15-41D1-A99A-14B42C38AB09}.Release|Any CPU.ActiveCfg = Release|Any CPU
		{6E53496C-AA15-41D1-A99A-14B42C38AB09}.Release|Any CPU.Build.0 = Release|Any CPU
		{CFF8A4CB-3F01-43EF-9217-E4B649125FB5}.Debug|Any CPU.ActiveCfg = Debug|Any CPU
		{CFF8A4CB-3F01-43EF-9217-E4B649125FB5}.Debug|Any CPU.Build.0 = Debug|Any CPU
		{CFF8A4CB-3F01-43EF-9217-E4B649125FB5}.Release|Any CPU.ActiveCfg = Release|Any CPU
		{CFF8A4CB-3F01-43EF-9217-E4B649125FB5}.Release|Any CPU.Build.0 = Release|Any CPU
		{123F0360-6571-4FE4-BF98-BB8BD09791B6}.Debug|Any CPU.ActiveCfg = Debug|Any CPU
		{123F0360-6571-4FE4-BF98-BB8BD09791B6}.Debug|Any CPU.Build.0 = Debug|Any CPU
		{123F0360-6571-4FE4-BF98-BB8BD09791B6}.Release|Any CPU.ActiveCfg = Release|Any CPU
		{123F0360-6571-4FE4-BF98-BB8BD09791B6}.Release|Any CPU.Build.0 = Release|Any CPU
	EndGlobalSection
	GlobalSection(SolutionProperties) = preSolution
		HideSolutionNode = FALSE
	EndGlobalSection
	GlobalSection(ExtensibilityGlobals) = postSolution
		SolutionGuid = {07E0325C-1955-4450-81B5-9B256542EB70}
	EndGlobalSection
EndGlobal
